
Microsoft Visual Studio Solution File, Format Version 12.00
# Visual Studio 15
VisualStudioVersion = 15.0.28010.2050
MinimumVisualStudioVersion = 10.0.40219.1
Project("{FAE04EC0-301F-11D3-BF4B-00C04F79EFBC}") = "ifs9webapp", "ifs9webapp\ifs9webapp.csproj", "{6D7E1235-46E6-4F76-BB7E-3E6D1D5D7367}"
EndProject
Global
	GlobalSection(SolutionConfigurationPlatforms) = preSolution
		Debug|Any CPU = Debug|Any CPU
		Release|Any CPU = Release|Any CPU
	EndGlobalSection
	GlobalSection(ProjectConfigurationPlatforms) = postSolution
		{6D7E1235-46E6-4F76-BB7E-3E6D1D5D7367}.Debug|Any CPU.ActiveCfg = Debug|Any CPU
		{6D7E1235-46E6-4F76-BB7E-3E6D1D5D7367}.Debug|Any CPU.Build.0 = Debug|Any CPU
		{6D7E1235-46E6-4F76-BB7E-3E6D1D5D7367}.Release|Any CPU.ActiveCfg = Release|Any CPU
		{6D7E1235-46E6-4F76-BB7E-3E6D1D5D7367}.Release|Any CPU.Build.0 = Release|Any CPU
	EndGlobalSection
	GlobalSection(SolutionProperties) = preSolution
		HideSolutionNode = FALSE
	EndGlobalSection
	GlobalSection(ExtensibilityGlobals) = postSolution
		SolutionGuid = {83AC5C33-7E33-4CF1-BCB3-73174E87F6D7}
	EndGlobalSection
EndGlobal
